{
  "version": 4,
  "terraform_version": "0.12.17",
  "serial": 193,
  "lineage": "5bc7b0ed-f6fc-67d0-fc29-8c9f13b3ad9e",
  "outputs": {
    "alb_dns": {
      "value": "alb-api-1557509456.us-east-2.elb.amazonaws.com",
      "type": "string"
    },
    "sg_name": {
      "value": "webserver",
      "type": "string"
    },
    "vpc_name": {
      "value": "vpc-0e1452032a76a3443",
      "type": "string"
    }
  },
  "resources": [
    {
      "mode": "data",
      "type": "aws_ami",
      "name": "centos_server_image",
      "provider": "provider.aws",
      "instances": [
        {
          "schema_version": 0,
          "attributes": {
            "architecture": "x86_64",
            "block_device_mappings": [
              {
                "device_name": "/dev/xvda",
                "ebs": {
                  "delete_on_termination": "true",
                  "encrypted": "false",
                  "iops": "0",
                  "snapshot_id": "snap-0c688db8167c8135c",
                  "volume_size": "8",
                  "volume_type": "gp2"
                },
                "no_device": "",
                "virtual_name": ""
              }
            ],
            "creation_date": "2019-10-28T06:30:01.000Z",
            "description": "amzn2-ami-hvm gp2 amzn amazon2",
            "executable_users": null,
            "filter": [
              {
                "name": "name",
                "values": [
                  "Amazon Linux 2*"
                ]
              },
              {
                "name": "virtualization-type",
                "values": [
                  "hvm"
                ]
              }
            ],
            "hypervisor": "xen",
            "id": "ami-076d4b4f1fb2a0d1b",
            "image_id": "ami-076d4b4f1fb2a0d1b",
            "image_location": "aws-marketplace/Amazon Linux 2 AMI-37558877-9b7c-4a0e-9c55-765d32fcaefe-ami-049584bd1fbdcba11.4",
            "image_owner_alias": "aws-marketplace",
            "image_type": "machine",
            "kernel_id": null,
            "most_recent": true,
            "name": "Amazon Linux 2 AMI-37558877-9b7c-4a0e-9c55-765d32fcaefe-ami-049584bd1fbdcba11.4",
            "name_regex": null,
            "owner_id": "679593333241",
            "owners": [
              "679593333241"
            ],
            "platform": null,
            "product_codes": [
              {
                "product_code_id": "39xl0mwguh2jvvy43omu43m66",
                "product_code_type": "marketplace"
              }
            ],
            "public": true,
            "ramdisk_id": null,
            "root_device_name": "/dev/xvda",
            "root_device_type": "ebs",
            "root_snapshot_id": "snap-0c688db8167c8135c",
            "sriov_net_support": "simple",
            "state": "available",
            "state_reason": {
              "code": "UNSET",
              "message": "UNSET"
            },
            "tags": {},
            "virtualization_type": "hvm"
          }
        }
      ]
    },
    {
      "mode": "managed",
      "type": "aws_alb_target_group",
      "name": "alb_exodus_target_group",
      "provider": "provider.aws",
      "instances": [
        {
          "schema_version": 0,
          "attributes": {
            "arn": "arn:aws:elasticloadbalancing:us-east-2:352631681906:targetgroup/api-alb-target-production/e64e68bf4c9ac782",
            "arn_suffix": "targetgroup/api-alb-target-production/e64e68bf4c9ac782",
            "deregistration_delay": 300,
            "health_check": [
              {
                "enabled": true,
                "healthy_threshold": 3,
                "interval": 30,
                "matcher": "200",
                "path": "/api/",
                "port": "80",
                "protocol": "HTTP",
                "timeout": 5,
                "unhealthy_threshold": 3
              }
            ],
            "id": "arn:aws:elasticloadbalancing:us-east-2:352631681906:targetgroup/api-alb-target-production/e64e68bf4c9ac782",
            "lambda_multi_value_headers_enabled": false,
            "name": "api-alb-target-production",
            "name_prefix": null,
            "port": 80,
            "protocol": "HTTP",
            "proxy_protocol_v2": false,
            "slow_start": 0,
            "stickiness": [
              {
                "cookie_duration": 86400,
                "enabled": false,
                "type": "lb_cookie"
              }
            ],
            "tags": null,
            "target_type": "instance",
            "vpc_id": "vpc-0e1452032a76a3443"
          },
          "private": "bnVsbA==",
          "dependencies": [
            "aws_vpc.vpc_main"
          ]
        }
      ]
    },
    {
      "mode": "managed",
      "type": "aws_autoscaling_group",
      "name": "exodus_asg",
      "provider": "provider.aws",
      "instances": [
        {
          "schema_version": 0,
          "attributes": {
            "arn": "arn:aws:autoscaling:us-east-2:352631681906:autoScalingGroup:d8aa9760-07ce-45dd-99d0-8d7f43004ae1:autoScalingGroupName/exodus-as-group-",
            "availability_zones": [
              "us-east-2a",
              "us-east-2b"
            ],
            "default_cooldown": 300,
            "desired_capacity": 1,
            "enabled_metrics": null,
            "force_delete": false,
            "health_check_grace_period": 300,
            "health_check_type": "EC2",
            "id": "exodus-as-group-",
            "initial_lifecycle_hook": [],
            "launch_configuration": "exodus-launchconfig-20200212115908077400000001",
            "launch_template": [],
            "load_balancers": [],
            "max_instance_lifetime": 0,
            "max_size": 2,
            "metrics_granularity": "1Minute",
            "min_elb_capacity": null,
            "min_size": 1,
            "mixed_instances_policy": [],
            "name": "exodus-as-group-",
            "name_prefix": null,
            "placement_group": "",
            "protect_from_scale_in": false,
            "service_linked_role_arn": "arn:aws:iam::352631681906:role/aws-service-role/autoscaling.amazonaws.com/AWSServiceRoleForAutoScaling",
            "suspended_processes": null,
            "tag": [],
            "tags": null,
            "target_group_arns": [
              "arn:aws:elasticloadbalancing:us-east-2:352631681906:targetgroup/api-alb-target-production/e64e68bf4c9ac782"
            ],
            "termination_policies": null,
            "timeouts": null,
            "vpc_zone_identifier": [
              "subnet-078ee0654e9618671",
              "subnet-09281049e2715525c"
            ],
            "wait_for_capacity_timeout": "10m",
            "wait_for_elb_capacity": null
          },
          "private": "eyJlMmJmYjczMC1lY2FhLTExZTYtOGY4OC0zNDM2M2JjN2M0YzAiOnsiZGVsZXRlIjo2MDAwMDAwMDAwMDB9fQ==",
          "dependencies": [
            "aws_alb_target_group.alb_exodus_target_group",
            "aws_launch_configuration.exodus_lc",
            "aws_security_group.webserver",
            "aws_subnet.subnet1",
            "aws_subnet.subnet2",
            "aws_vpc.vpc_main"
          ]
        }
      ]
    },
    {
      "mode": "managed",
      "type": "aws_internet_gateway",
      "name": "gw_main",
      "provider": "provider.aws",
      "instances": [
        {
          "schema_version": 0,
          "attributes": {
            "id": "igw-0a04678c755aa4c66",
            "owner_id": "352631681906",
            "tags": {
              "Name": "main"
            },
            "vpc_id": "vpc-0e1452032a76a3443"
          },
          "private": "bnVsbA==",
          "dependencies": [
            "aws_vpc.vpc_main"
          ]
        }
      ]
    },
    {
      "mode": "managed",
      "type": "aws_launch_configuration",
      "name": "exodus_lc",
      "provider": "provider.aws",
      "instances": [
        {
          "schema_version": 0,
          "attributes": {
            "arn": "arn:aws:autoscaling:us-east-2:352631681906:launchConfiguration:4c155364-43b9-46dc-bfda-8626440e11d4:launchConfigurationName/exodus-launchconfig-20200212115908077400000001",
            "associate_public_ip_address": false,
            "ebs_block_device": [],
            "ebs_optimized": false,
            "enable_monitoring": true,
            "ephemeral_block_device": [],
            "iam_instance_profile": "",
            "id": "exodus-launchconfig-20200212115908077400000001",
            "image_id": "ami-076d4b4f1fb2a0d1b",
            "instance_type": "t2.small",
            "key_name": "",
            "name": "exodus-launchconfig-20200212115908077400000001",
            "name_prefix": "exodus-launchconfig-",
            "placement_tenancy": null,
            "root_block_device": [],
            "security_groups": [
              "sg-08afcba9af91e6ced"
            ],
            "spot_price": "",
            "user_data": null,
            "user_data_base64": null,
            "vpc_classic_link_id": "",
            "vpc_classic_link_security_groups": null
          },
          "private": "bnVsbA==",
          "dependencies": [
            "aws_security_group.webserver",
            "aws_vpc.vpc_main"
          ]
        }
      ]
    },
    {
      "mode": "managed",
      "type": "aws_lb",
      "name": "alb_exodus",
      "provider": "provider.aws",
      "instances": [
        {
          "schema_version": 0,
          "attributes": {
            "access_logs": [
              {
                "bucket": "",
                "enabled": false,
                "prefix": ""
              }
            ],
            "arn": "arn:aws:elasticloadbalancing:us-east-2:352631681906:loadbalancer/app/alb-api/918ed6bc562cdb40",
            "arn_suffix": "app/alb-api/918ed6bc562cdb40",
            "dns_name": "alb-api-1557509456.us-east-2.elb.amazonaws.com",
            "enable_cross_zone_load_balancing": null,
            "enable_deletion_protection": false,
            "enable_http2": true,
            "id": "arn:aws:elasticloadbalancing:us-east-2:352631681906:loadbalancer/app/alb-api/918ed6bc562cdb40",
            "idle_timeout": 240,
            "internal": false,
            "ip_address_type": "ipv4",
            "load_balancer_type": "application",
            "name": "alb-api",
            "name_prefix": null,
            "security_groups": [
              "sg-08afcba9af91e6ced"
            ],
            "subnet_mapping": [
              {
                "allocation_id": "",
                "subnet_id": "subnet-078ee0654e9618671"
              },
              {
                "allocation_id": "",
                "subnet_id": "subnet-09281049e2715525c"
              }
            ],
            "subnets": [
              "subnet-078ee0654e9618671",
              "subnet-09281049e2715525c"
            ],
            "tags": {
              "Name": "tf-alb-api"
            },
            "timeouts": null,
            "vpc_id": "vpc-0e1452032a76a3443",
            "zone_id": "Z3AADJGX6KTTL2"
          },
          "private": "eyJlMmJmYjczMC1lY2FhLTExZTYtOGY4OC0zNDM2M2JjN2M0YzAiOnsiY3JlYXRlIjo2MDAwMDAwMDAwMDAsImRlbGV0ZSI6NjAwMDAwMDAwMDAwLCJ1cGRhdGUiOjYwMDAwMDAwMDAwMH19",
          "dependencies": [
            "aws_security_group.webserver",
            "aws_subnet.subnet1",
            "aws_subnet.subnet2",
            "aws_vpc.vpc_main"
          ]
        }
      ]
    },
    {
      "mode": "managed",
      "type": "aws_security_group",
      "name": "webserver",
      "provider": "provider.aws",
      "instances": [
        {
          "schema_version": 1,
          "attributes": {
            "arn": "arn:aws:ec2:us-east-2:352631681906:security-group/sg-08afcba9af91e6ced",
            "description": "Managed by Terraform",
            "egress": [
              {
                "cidr_blocks": [
                  "0.0.0.0/0"
                ],
                "description": "",
                "from_port": 0,
                "ipv6_cidr_blocks": [],
                "prefix_list_ids": [],
                "protocol": "-1",
                "security_groups": [],
                "self": false,
                "to_port": 0
              }
            ],
            "id": "sg-08afcba9af91e6ced",
            "ingress": [
              {
                "cidr_blocks": [],
                "description": "",
                "from_port": 80,
                "ipv6_cidr_blocks": [],
                "prefix_list_ids": [],
                "protocol": "tcp",
                "security_groups": [],
                "self": false,
                "to_port": 80
              }
            ],
            "name": "webserver",
            "name_prefix": null,
            "owner_id": "352631681906",
            "revoke_rules_on_delete": false,
            "tags": null,
            "timeouts": null,
            "vpc_id": "vpc-0e1452032a76a3443"
          },
          "private": "eyJlMmJmYjczMC1lY2FhLTExZTYtOGY4OC0zNDM2M2JjN2M0YzAiOnsiY3JlYXRlIjo2MDAwMDAwMDAwMDAsImRlbGV0ZSI6NjAwMDAwMDAwMDAwfSwic2NoZW1hX3ZlcnNpb24iOiIxIn0=",
          "dependencies": [
            "aws_vpc.vpc_main"
          ]
        }
      ]
    },
    {
      "mode": "managed",
      "type": "aws_subnet",
      "name": "subnet1",
      "provider": "provider.aws",
      "instances": [
        {
          "schema_version": 1,
          "attributes": {
            "arn": "arn:aws:ec2:us-east-2:352631681906:subnet/subnet-078ee0654e9618671",
            "assign_ipv6_address_on_creation": false,
            "availability_zone": "us-east-2a",
            "availability_zone_id": "use2-az1",
            "cidr_block": "10.0.1.0/24",
            "id": "subnet-078ee0654e9618671",
            "ipv6_cidr_block": "",
            "ipv6_cidr_block_association_id": "",
            "map_public_ip_on_launch": false,
            "owner_id": "352631681906",
            "tags": {
              "Name": "Subnet1"
            },
            "timeouts": null,
            "vpc_id": "vpc-0e1452032a76a3443"
          },
          "private": "eyJlMmJmYjczMC1lY2FhLTExZTYtOGY4OC0zNDM2M2JjN2M0YzAiOnsiY3JlYXRlIjo2MDAwMDAwMDAwMDAsImRlbGV0ZSI6MTIwMDAwMDAwMDAwMH0sInNjaGVtYV92ZXJzaW9uIjoiMSJ9",
          "dependencies": [
            "aws_vpc.vpc_main"
          ]
        }
      ]
    },
    {
      "mode": "managed",
      "type": "aws_subnet",
      "name": "subnet2",
      "provider": "provider.aws",
      "instances": [
        {
          "schema_version": 1,
          "attributes": {
            "arn": "arn:aws:ec2:us-east-2:352631681906:subnet/subnet-09281049e2715525c",
            "assign_ipv6_address_on_creation": false,
            "availability_zone": "us-east-2b",
            "availability_zone_id": "use2-az2",
            "cidr_block": "10.0.2.0/24",
            "id": "subnet-09281049e2715525c",
            "ipv6_cidr_block": "",
            "ipv6_cidr_block_association_id": "",
            "map_public_ip_on_launch": false,
            "owner_id": "352631681906",
            "tags": {
              "Name": "Subnet2"
            },
            "timeouts": null,
            "vpc_id": "vpc-0e1452032a76a3443"
          },
          "private": "eyJlMmJmYjczMC1lY2FhLTExZTYtOGY4OC0zNDM2M2JjN2M0YzAiOnsiY3JlYXRlIjo2MDAwMDAwMDAwMDAsImRlbGV0ZSI6MTIwMDAwMDAwMDAwMH0sInNjaGVtYV92ZXJzaW9uIjoiMSJ9",
          "dependencies": [
            "aws_vpc.vpc_main"
          ]
        }
      ]
    },
    {
      "mode": "managed",
      "type": "aws_vpc",
      "name": "vpc_main",
      "provider": "provider.aws",
      "instances": [
        {
          "schema_version": 1,
          "attributes": {
            "arn": "arn:aws:ec2:us-east-2:352631681906:vpc/vpc-0e1452032a76a3443",
            "assign_generated_ipv6_cidr_block": false,
            "cidr_block": "10.0.0.0/16",
            "default_network_acl_id": "acl-0af2046244949764d",
            "default_route_table_id": "rtb-01c61f1f37fe80480",
            "default_security_group_id": "sg-02398bb9636c6ae08",
            "dhcp_options_id": "dopt-11ffe579",
            "enable_classiclink": null,
            "enable_classiclink_dns_support": null,
            "enable_dns_hostnames": false,
            "enable_dns_support": true,
            "id": "vpc-0e1452032a76a3443",
            "instance_tenancy": "default",
            "ipv6_association_id": "",
            "ipv6_cidr_block": "",
            "main_route_table_id": "rtb-01c61f1f37fe80480",
            "owner_id": "352631681906",
            "tags": {
              "Name": "exodus_main"
            }
          },
          "private": "eyJzY2hlbWFfdmVyc2lvbiI6IjEifQ=="
        }
      ]
    }
  ]
}
